// !$*UTF8*$!
{
	archiveVersion = 1;
	classes = {
	};
	objectVersion = 50;
	objects = {

/* Begin PBXBuildFile section */
		46E5C0F5DCF26AF84D0235EC /* Pods_IPlayer.framework in Frameworks */ = {isa = PBXBuildFile; fileRef = 5781B5FAB016B639731EE488 /* Pods_IPlayer.framework */; };
		DC3904FC20DB3A9C009CCD1B /* placeholder.png in Resources */ = {isa = PBXBuildFile; fileRef = DC3904FB20DB3A9C009CCD1B /* placeholder.png */; };
		DD0C3C8620ECE42700F8E47E /* Assets.xcassets in Resources */ = {isa = PBXBuildFile; fileRef = DD0C3C8520ECE42700F8E47E /* Assets.xcassets */; };
		DD3FB14620D7AB3300BD8998 /* IPlayerTabelViewCell.swift in Sources */ = {isa = PBXBuildFile; fileRef = DD3FB14520D7AB3300BD8998 /* IPlayerTabelViewCell.swift */; };
		DD4095BC209C5EFC0069E626 /* PlayerViewController.swift in Sources */ = {isa = PBXBuildFile; fileRef = DD4095BB209C5EFC0069E626 /* PlayerViewController.swift */; };
		DD4095BE209C647B0069E626 /* EqualizerViewController.swift in Sources */ = {isa = PBXBuildFile; fileRef = DD4095BD209C647B0069E626 /* EqualizerViewController.swift */; };
		DD4095C0209C64AE0069E626 /* PlaylistViewController.swift in Sources */ = {isa = PBXBuildFile; fileRef = DD4095BF209C64AE0069E626 /* PlaylistViewController.swift */; };
		DD500A5620D11DE200FFB72B /* Song.swift in Sources */ = {isa = PBXBuildFile; fileRef = DD500A5520D11DE200FFB72B /* Song.swift */; };
		DD500A5820D129C500FFB72B /* NSError+IPlayer.swift in Sources */ = {isa = PBXBuildFile; fileRef = DD500A5720D129C500FFB72B /* NSError+IPlayer.swift */; };
		DD500A5A20D12DF100FFB72B /* Utils.swift in Sources */ = {isa = PBXBuildFile; fileRef = DD500A5920D12DF100FFB72B /* Utils.swift */; };
		DD53F54820D93F9900FE5211 /* PlayerManager.swift in Sources */ = {isa = PBXBuildFile; fileRef = DD53F54720D93F9900FE5211 /* PlayerManager.swift */; };
		DD544B8120A5F37D00317F50 /* images.jpeg in Resources */ = {isa = PBXBuildFile; fileRef = DD544B8020A5F37D00317F50 /* images.jpeg */; };
		DD544B8920A5FEAE00317F50 /* sting-fields_of_gold.mp3 in Resources */ = {isa = PBXBuildFile; fileRef = DD544B8820A5FEAE00317F50 /* sting-fields_of_gold.mp3 */; };
		DDB6257220DD056F004051FF /* apple_iphone.png in Resources */ = {isa = PBXBuildFile; fileRef = DDB6257120DD056F004051FF /* apple_iphone.png */; };
		DDD3235520C04D3900BE1971 /* ApiResult.swift in Sources */ = {isa = PBXBuildFile; fileRef = DDD3235420C04D3900BE1971 /* ApiResult.swift */; };
		DDD3235920C04DE500BE1971 /* APIService.swift in Sources */ = {isa = PBXBuildFile; fileRef = DDD3235820C04DE500BE1971 /* APIService.swift */; };
		DDD3235B20C04ECA00BE1971 /* DataRequest+Trakkers.swift in Sources */ = {isa = PBXBuildFile; fileRef = DDD3235A20C04ECA00BE1971 /* DataRequest+Trakkers.swift */; };
		DDD3235D20C04F1B00BE1971 /* Endpoint.swift in Sources */ = {isa = PBXBuildFile; fileRef = DDD3235C20C04F1B00BE1971 /* Endpoint.swift */; };
		DDD3235F20C04F5400BE1971 /* Manager+Trakkers.swift in Sources */ = {isa = PBXBuildFile; fileRef = DDD3235E20C04F5400BE1971 /* Manager+Trakkers.swift */; };
		DDFC7F12209894CD006819D5 /* AppDelegate.swift in Sources */ = {isa = PBXBuildFile; fileRef = DDFC7F11209894CD006819D5 /* AppDelegate.swift */; };
		DDFC7F14209894CD006819D5 /* RootViewController.swift in Sources */ = {isa = PBXBuildFile; fileRef = DDFC7F13209894CD006819D5 /* RootViewController.swift */; };
		DDFC7F18209894CD006819D5 /* ModelController.swift in Sources */ = {isa = PBXBuildFile; fileRef = DDFC7F17209894CD006819D5 /* ModelController.swift */; };
		DDFC7F1B209894CD006819D5 /* Main.storyboard in Resources */ = {isa = PBXBuildFile; fileRef = DDFC7F19209894CD006819D5 /* Main.storyboard */; };
		DDFC7F20209894CE006819D5 /* LaunchScreen.storyboard in Resources */ = {isa = PBXBuildFile; fileRef = DDFC7F1E209894CE006819D5 /* LaunchScreen.storyboard */; };
/* End PBXBuildFile section */

/* Begin PBXFileReference section */
		404A2074E2C407495C5EA466 /* Pods-IPlayer.release.xcconfig */ = {isa = PBXFileReference; includeInIndex = 1; lastKnownFileType = text.xcconfig; name = "Pods-IPlayer.release.xcconfig"; path = "Pods/Target Support Files/Pods-IPlayer/Pods-IPlayer.release.xcconfig"; sourceTree = "<group>"; };
		5781B5FAB016B639731EE488 /* Pods_IPlayer.framework */ = {isa = PBXFileReference; explicitFileType = wrapper.framework; includeInIndex = 0; path = Pods_IPlayer.framework; sourceTree = BUILT_PRODUCTS_DIR; };
		8294B9596425A4919DC05827 /* Pods-IPlayer.debug.xcconfig */ = {isa = PBXFileReference; includeInIndex = 1; lastKnownFileType = text.xcconfig; name = "Pods-IPlayer.debug.xcconfig"; path = "Pods/Target Support Files/Pods-IPlayer/Pods-IPlayer.debug.xcconfig"; sourceTree = "<group>"; };
		DC3904FB20DB3A9C009CCD1B /* placeholder.png */ = {isa = PBXFileReference; lastKnownFileType = image.png; path = placeholder.png; sourceTree = "<group>"; };
		DD0C3C8520ECE42700F8E47E /* Assets.xcassets */ = {isa = PBXFileReference; lastKnownFileType = folder.assetcatalog; path = Assets.xcassets; sourceTree = "<group>"; };
		DD3FB14520D7AB3300BD8998 /* IPlayerTabelViewCell.swift */ = {isa = PBXFileReference; lastKnownFileType = sourcecode.swift; path = IPlayerTabelViewCell.swift; sourceTree = "<group>"; };
		DD4095BB209C5EFC0069E626 /* PlayerViewController.swift */ = {isa = PBXFileReference; lastKnownFileType = sourcecode.swift; path = PlayerViewController.swift; sourceTree = "<group>"; };
		DD4095BD209C647B0069E626 /* EqualizerViewController.swift */ = {isa = PBXFileReference; lastKnownFileType = sourcecode.swift; path = EqualizerViewController.swift; sourceTree = "<group>"; };
		DD4095BF209C64AE0069E626 /* PlaylistViewController.swift */ = {isa = PBXFileReference; lastKnownFileType = sourcecode.swift; path = PlaylistViewController.swift; sourceTree = "<group>"; };
		DD500A5520D11DE200FFB72B /* Song.swift */ = {isa = PBXFileReference; lastKnownFileType = sourcecode.swift; path = Song.swift; sourceTree = "<group>"; };
		DD500A5720D129C500FFB72B /* NSError+IPlayer.swift */ = {isa = PBXFileReference; lastKnownFileType = sourcecode.swift; path = "NSError+IPlayer.swift"; sourceTree = "<group>"; };
		DD500A5920D12DF100FFB72B /* Utils.swift */ = {isa = PBXFileReference; lastKnownFileType = sourcecode.swift; path = Utils.swift; sourceTree = "<group>"; };
		DD53F54720D93F9900FE5211 /* PlayerManager.swift */ = {isa = PBXFileReference; lastKnownFileType = sourcecode.swift; path = PlayerManager.swift; sourceTree = "<group>"; };
		DD544B8020A5F37D00317F50 /* images.jpeg */ = {isa = PBXFileReference; lastKnownFileType = image.jpeg; path = images.jpeg; sourceTree = "<group>"; };
		DD544B8220A5FDD500317F50 /* apollo_440_-_stop_the_rock.mp3 */ = {isa = PBXFileReference; lastKnownFileType = audio.mp3; path = "apollo_440_-_stop_the_rock.mp3"; sourceTree = "<group>"; };
		DD544B8320A5FDE800317F50 /* daft-punk-robot-rock.mp3 */ = {isa = PBXFileReference; lastKnownFileType = audio.mp3; path = "daft-punk-robot-rock.mp3"; sourceTree = "<group>"; };
		DD544B8420A5FDEC00317F50 /* apollo-440-bout-dub.mp3 */ = {isa = PBXFileReference; lastKnownFileType = audio.mp3; path = "apollo-440-bout-dub.mp3"; sourceTree = "<group>"; };
		DD544B8820A5FEAE00317F50 /* sting-fields_of_gold.mp3 */ = {isa = PBXFileReference; lastKnownFileType = audio.mp3; path = "sting-fields_of_gold.mp3"; sourceTree = "<group>"; };
		DDB6257120DD056F004051FF /* apple_iphone.png */ = {isa = PBXFileReference; lastKnownFileType = image.png; path = apple_iphone.png; sourceTree = "<group>"; };
		DDD3235420C04D3900BE1971 /* ApiResult.swift */ = {isa = PBXFileReference; lastKnownFileType = sourcecode.swift; path = ApiResult.swift; sourceTree = "<group>"; };
		DDD3235820C04DE500BE1971 /* APIService.swift */ = {isa = PBXFileReference; lastKnownFileType = sourcecode.swift; path = APIService.swift; sourceTree = "<group>"; };
		DDD3235A20C04ECA00BE1971 /* DataRequest+Trakkers.swift */ = {isa = PBXFileReference; lastKnownFileType = sourcecode.swift; path = "DataRequest+Trakkers.swift"; sourceTree = "<group>"; };
		DDD3235C20C04F1B00BE1971 /* Endpoint.swift */ = {isa = PBXFileReference; lastKnownFileType = sourcecode.swift; path = Endpoint.swift; sourceTree = "<group>"; };
		DDD3235E20C04F5400BE1971 /* Manager+Trakkers.swift */ = {isa = PBXFileReference; lastKnownFileType = sourcecode.swift; path = "Manager+Trakkers.swift"; sourceTree = "<group>"; };
		DDFC7F0E209894CD006819D5 /* IPlayer.app */ = {isa = PBXFileReference; explicitFileType = wrapper.application; includeInIndex = 0; path = IPlayer.app; sourceTree = BUILT_PRODUCTS_DIR; };
		DDFC7F11209894CD006819D5 /* AppDelegate.swift */ = {isa = PBXFileReference; lastKnownFileType = sourcecode.swift; path = AppDelegate.swift; sourceTree = "<group>"; };
		DDFC7F13209894CD006819D5 /* RootViewController.swift */ = {isa = PBXFileReference; lastKnownFileType = sourcecode.swift; path = RootViewController.swift; sourceTree = "<group>"; };
		DDFC7F17209894CD006819D5 /* ModelController.swift */ = {isa = PBXFileReference; lastKnownFileType = sourcecode.swift; path = ModelController.swift; sourceTree = "<group>"; };
		DDFC7F1A209894CD006819D5 /* Base */ = {isa = PBXFileReference; lastKnownFileType = file.storyboard; name = Base; path = Base.lproj/Main.storyboard; sourceTree = "<group>"; };
		DDFC7F1F209894CE006819D5 /* Base */ = {isa = PBXFileReference; lastKnownFileType = file.storyboard; name = Base; path = Base.lproj/LaunchScreen.storyboard; sourceTree = "<group>"; };
		DDFC7F21209894CE006819D5 /* Info.plist */ = {isa = PBXFileReference; lastKnownFileType = text.plist.xml; path = Info.plist; sourceTree = "<group>"; };
/* End PBXFileReference section */

/* Begin PBXFrameworksBuildPhase section */
		DDFC7F0B209894CC006819D5 /* Frameworks */ = {
			isa = PBXFrameworksBuildPhase;
			buildActionMask = 2147483647;
			files = (
				46E5C0F5DCF26AF84D0235EC /* Pods_IPlayer.framework in Frameworks */,
			);
			runOnlyForDeploymentPostprocessing = 0;
		};
/* End PBXFrameworksBuildPhase section */

/* Begin PBXGroup section */
		0A9F60C5A140631FF8DB7314 /* Frameworks */ = {
			isa = PBXGroup;
			children = (
				5781B5FAB016B639731EE488 /* Pods_IPlayer.framework */,
			);
			name = Frameworks;
			sourceTree = "<group>";
		};
		5E9F4DE4029AC7C5AFEC2BE3 /* Pods */ = {
			isa = PBXGroup;
			children = (
				8294B9596425A4919DC05827 /* Pods-IPlayer.debug.xcconfig */,
				404A2074E2C407495C5EA466 /* Pods-IPlayer.release.xcconfig */,
			);
			name = Pods;
			sourceTree = "<group>";
		};
		DC3904FA20DB3A4A009CCD1B /* Sources */ = {
			isa = PBXGroup;
			children = (
				DC3904FB20DB3A9C009CCD1B /* placeholder.png */,
			);
			path = Sources;
			sourceTree = "<group>";
		};
		DD500A5420D11DB800FFB72B /* Model */ = {
			isa = PBXGroup;
			children = (
				DD500A5520D11DE200FFB72B /* Song.swift */,
			);
			path = Model;
			sourceTree = "<group>";
		};
		DD53F54620D93F7800FE5211 /* Utils */ = {
			isa = PBXGroup;
			children = (
				DD53F54720D93F9900FE5211 /* PlayerManager.swift */,
			);
			path = Utils;
			sourceTree = "<group>";
		};
		DD53F54920D96C9800FE5211 /* View */ = {
			isa = PBXGroup;
			children = (
				DD3FB14520D7AB3300BD8998 /* IPlayerTabelViewCell.swift */,
			);
			path = View;
			sourceTree = "<group>";
		};
		DD53F54A20D96CD000FE5211 /* Storyboard */ = {
			isa = PBXGroup;
			children = (
				DDFC7F19209894CD006819D5 /* Main.storyboard */,
			);
			path = Storyboard;
			sourceTree = "<group>";
		};
		DD544B7D20A59C8000317F50 /* Song */ = {
			isa = PBXGroup;
			children = (
				DD544B8420A5FDEC00317F50 /* apollo-440-bout-dub.mp3 */,
				DD544B8820A5FEAE00317F50 /* sting-fields_of_gold.mp3 */,
				DD544B8320A5FDE800317F50 /* daft-punk-robot-rock.mp3 */,
				DD544B8220A5FDD500317F50 /* apollo_440_-_stop_the_rock.mp3 */,
				DD544B8020A5F37D00317F50 /* images.jpeg */,
			);
			name = Song;
			sourceTree = "<group>";
		};
		DD544B8A20A5FEE800317F50 /* Controllers */ = {
			isa = PBXGroup;
			children = (
				DDFC7F13209894CD006819D5 /* RootViewController.swift */,
				DDFC7F17209894CD006819D5 /* ModelController.swift */,
				DD4095BB209C5EFC0069E626 /* PlayerViewController.swift */,
				DD4095BF209C64AE0069E626 /* PlaylistViewController.swift */,
				DD4095BD209C647B0069E626 /* EqualizerViewController.swift */,
			);
			name = Controllers;
			sourceTree = "<group>";
		};
		DDB6256E20DD0248004051FF /*  image */ = {
			isa = PBXGroup;
			children = (
				DD0C3C8520ECE42700F8E47E /* Assets.xcassets */,
				DDB6257120DD056F004051FF /* apple_iphone.png */,
			);
			name = " image";
			sourceTree = "<group>";
		};
		DDD3235320C04B7F00BE1971 /* API */ = {
			isa = PBXGroup;
			children = (
				DDD3235420C04D3900BE1971 /* ApiResult.swift */,
				DDD3235820C04DE500BE1971 /* APIService.swift */,
				DDD3235A20C04ECA00BE1971 /* DataRequest+Trakkers.swift */,
				DDD3235C20C04F1B00BE1971 /* Endpoint.swift */,
				DDD3235E20C04F5400BE1971 /* Manager+Trakkers.swift */,
				DD500A5720D129C500FFB72B /* NSError+IPlayer.swift */,
				DD500A5920D12DF100FFB72B /* Utils.swift */,
			);
			path = API;
			sourceTree = "<group>";
		};
		DDFC7F05209894CC006819D5 = {
			isa = PBXGroup;
			children = (
				DDFC7F10209894CD006819D5 /* IPlayer */,
				DDFC7F0F209894CD006819D5 /* Products */,
				5E9F4DE4029AC7C5AFEC2BE3 /* Pods */,
				0A9F60C5A140631FF8DB7314 /* Frameworks */,
			);
			sourceTree = "<group>";
		};
		DDFC7F0F209894CD006819D5 /* Products */ = {
			isa = PBXGroup;
			children = (
				DDFC7F0E209894CD006819D5 /* IPlayer.app */,
			);
			name = Products;
			sourceTree = "<group>";
		};
		DDFC7F10209894CD006819D5 /* IPlayer */ = {
			isa = PBXGroup;
			children = (
				DC3904FA20DB3A4A009CCD1B /* Sources */,
				DD53F54A20D96CD000FE5211 /* Storyboard */,
				DD53F54920D96C9800FE5211 /* View */,
				DD53F54620D93F7800FE5211 /* Utils */,
				DD500A5420D11DB800FFB72B /* Model */,
				DDD3235320C04B7F00BE1971 /* API */,
				DDFC7F11209894CD006819D5 /* AppDelegate.swift */,
				DD544B8A20A5FEE800317F50 /* Controllers */,
				DDB6256E20DD0248004051FF /*  image */,
				DD544B7D20A59C8000317F50 /* Song */,
				DDFC7F1E209894CE006819D5 /* LaunchScreen.storyboard */,
				DDFC7F21209894CE006819D5 /* Info.plist */,
			);
			path = IPlayer;
			sourceTree = "<group>";
		};
/* End PBXGroup section */

/* Begin PBXNativeTarget section */
		DDFC7F0D209894CC006819D5 /* IPlayer */ = {
			isa = PBXNativeTarget;
			buildConfigurationList = DDFC7F24209894CE006819D5 /* Build configuration list for PBXNativeTarget "IPlayer" */;
			buildPhases = (
				4965A9E7A826B838B4E4EC7C /* [CP] Check Pods Manifest.lock */,
				DDFC7F0A209894CC006819D5 /* Sources */,
				DDFC7F0B209894CC006819D5 /* Frameworks */,
				DDFC7F0C209894CC006819D5 /* Resources */,
				198690BC01EAAD0671868625 /* [CP] Embed Pods Frameworks */,
			);
			buildRules = (
			);
			dependencies = (
			);
			name = IPlayer;
			productName = IPlayer;
			productReference = DDFC7F0E209894CD006819D5 /* IPlayer.app */;
			productType = "com.apple.product-type.application";
		};
/* End PBXNativeTarget section */

/* Begin PBXProject section */
		DDFC7F06209894CC006819D5 /* Project object */ = {
			isa = PBXProject;
			attributes = {
				LastSwiftUpdateCheck = 0930;
				LastUpgradeCheck = 0930;
				ORGANIZATIONNAME = "Viktor Pechersky";
				TargetAttributes = {
					DDFC7F0D209894CC006819D5 = {
						CreatedOnToolsVersion = 9.3;
						SystemCapabilities = {
							com.apple.BackgroundModes = {
								enabled = 1;
							};
						};
					};
				};
			};
			buildConfigurationList = DDFC7F09209894CC006819D5 /* Build configuration list for PBXProject "IPlayer" */;
			compatibilityVersion = "Xcode 9.3";
			developmentRegion = en;
			hasScannedForEncodings = 0;
			knownRegions = (
				en,
				Base,
			);
			mainGroup = DDFC7F05209894CC006819D5;
			productRefGroup = DDFC7F0F209894CD006819D5 /* Products */;
			projectDirPath = "";
			projectRoot = "";
			targets = (
				DDFC7F0D209894CC006819D5 /* IPlayer */,
			);
		};
/* End PBXProject section */

/* Begin PBXResourcesBuildPhase section */
		DDFC7F0C209894CC006819D5 /* Resources */ = {
			isa = PBXResourcesBuildPhase;
			buildActionMask = 2147483647;
			files = (
				DDFC7F20209894CE006819D5 /* LaunchScreen.storyboard in Resources */,
				DC3904FC20DB3A9C009CCD1B /* placeholder.png in Resources */,
				DDFC7F1B209894CD006819D5 /* Main.storyboard in Resources */,
				DD544B8120A5F37D00317F50 /* images.jpeg in Resources */,
				DD0C3C8620ECE42700F8E47E /* Assets.xcassets in Resources */,
				DD544B8920A5FEAE00317F50 /* sting-fields_of_gold.mp3 in Resources */,
				DDB6257220DD056F004051FF /* apple_iphone.png in Resources */,
			);
			runOnlyForDeploymentPostprocessing = 0;
		};
/* End PBXResourcesBuildPhase section */

/* Begin PBXShellScriptBuildPhase section */
		198690BC01EAAD0671868625 /* [CP] Embed Pods Frameworks */ = {
			isa = PBXShellScriptBuildPhase;
			buildActionMask = 2147483647;
			files = (
			);
			inputPaths = (
				"${SRCROOT}/Pods/Target Support Files/Pods-IPlayer/Pods-IPlayer-frameworks.sh",
				"${BUILT_PRODUCTS_DIR}/Alamofire/Alamofire.framework",
				"${BUILT_PRODUCTS_DIR}/JaneSliderControl/JaneSliderControl.framework",
				"${BUILT_PRODUCTS_DIR}/PromiseKit/PromiseKit.framework",
				"${BUILT_PRODUCTS_DIR}/SDWebImage/SDWebImage.framework",
			);
			name = "[CP] Embed Pods Frameworks";
			outputPaths = (
				"${TARGET_BUILD_DIR}/${FRAMEWORKS_FOLDER_PATH}/Alamofire.framework",
				"${TARGET_BUILD_DIR}/${FRAMEWORKS_FOLDER_PATH}/JaneSliderControl.framework",
				"${TARGET_BUILD_DIR}/${FRAMEWORKS_FOLDER_PATH}/PromiseKit.framework",
				"${TARGET_BUILD_DIR}/${FRAMEWORKS_FOLDER_PATH}/SDWebImage.framework",
			);
			runOnlyForDeploymentPostprocessing = 0;
			shellPath = /bin/sh;
			shellScript = "\"${SRCROOT}/Pods/Target Support Files/Pods-IPlayer/Pods-IPlayer-frameworks.sh\"\n";
			showEnvVarsInLog = 0;
		};
		4965A9E7A826B838B4E4EC7C /* [CP] Check Pods Manifest.lock */ = {
			isa = PBXShellScriptBuildPhase;
			buildActionMask = 2147483647;
			files = (
			);
			inputPaths = (
				"${PODS_PODFILE_DIR_PATH}/Podfile.lock",
				"${PODS_ROOT}/Manifest.lock",
			);
			name = "[CP] Check Pods Manifest.lock";
			outputPaths = (
				"$(DERIVED_FILE_DIR)/Pods-IPlayer-checkManifestLockResult.txt",
			);
			runOnlyForDeploymentPostprocessing = 0;
			shellPath = /bin/sh;
			shellScript = "diff \"${PODS_PODFILE_DIR_PATH}/Podfile.lock\" \"${PODS_ROOT}/Manifest.lock\" > /dev/null\nif [ $? != 0 ] ; then\n    # print error to STDERR\n    echo \"error: The sandbox is not in sync with the Podfile.lock. Run 'pod install' or update your CocoaPods installation.\" >&2\n    exit 1\nfi\n# This output is used by Xcode 'outputs' to avoid re-running this script phase.\necho \"SUCCESS\" > \"${SCRIPT_OUTPUT_FILE_0}\"\n";
			showEnvVarsInLog = 0;
		};
/* End PBXShellScriptBuildPhase section */

/* Begin PBXSourcesBuildPhase section */
		DDFC7F0A209894CC006819D5 /* Sources */ = {
			isa = PBXSourcesBuildPhase;
			buildActionMask = 2147483647;
			files = (
				DDD3235B20C04ECA00BE1971 /* DataRequest+Trakkers.swift in Sources */,
				DDFC7F14209894CD006819D5 /* RootViewController.swift in Sources */,
				DDD3235F20C04F5400BE1971 /* Manager+Trakkers.swift in Sources */,
				DD4095BE209C647B0069E626 /* EqualizerViewController.swift in Sources */,
				DD3FB14620D7AB3300BD8998 /* IPlayerTabelViewCell.swift in Sources */,
				DD4095C0209C64AE0069E626 /* PlaylistViewController.swift in Sources */,
				DDFC7F18209894CD006819D5 /* ModelController.swift in Sources */,
				DDD3235520C04D3900BE1971 /* ApiResult.swift in Sources */,
				DD500A5A20D12DF100FFB72B /* Utils.swift in Sources */,
				DD500A5620D11DE200FFB72B /* Song.swift in Sources */,
				DD4095BC209C5EFC0069E626 /* PlayerViewController.swift in Sources */,
				DDD3235920C04DE500BE1971 /* APIService.swift in Sources */,
				DD500A5820D129C500FFB72B /* NSError+IPlayer.swift in Sources */,
				DD53F54820D93F9900FE5211 /* PlayerManager.swift in Sources */,
				DDD3235D20C04F1B00BE1971 /* Endpoint.swift in Sources */,
				DDFC7F12209894CD006819D5 /* AppDelegate.swift in Sources */,
			);
			runOnlyForDeploymentPostprocessing = 0;
		};
/* End PBXSourcesBuildPhase section */

/* Begin PBXVariantGroup section */
		DDFC7F19209894CD006819D5 /* Main.storyboard */ = {
			isa = PBXVariantGroup;
			children = (
				DDFC7F1A209894CD006819D5 /* Base */,
			);
			name = Main.storyboard;
			sourceTree = "<group>";
		};
		DDFC7F1E209894CE006819D5 /* LaunchScreen.storyboard */ = {
			isa = PBXVariantGroup;
			children = (
				DDFC7F1F209894CE006819D5 /* Base */,
			);
			name = LaunchScreen.storyboard;
			sourceTree = "<group>";
		};
/* End PBXVariantGroup section */

/* Begin XCBuildConfiguration section */
		DDFC7F22209894CE006819D5 /* Debug */ = {
			isa = XCBuildConfiguration;
			buildSettings = {
				ALWAYS_SEARCH_USER_PATHS = NO;
				CLANG_ANALYZER_NONNULL = YES;
				CLANG_ANALYZER_NUMBER_OBJECT_CONVERSION = YES_AGGRESSIVE;
				CLANG_CXX_LANGUAGE_STANDARD = "gnu++14";
				CLANG_CXX_LIBRARY = "libc++";
				CLANG_ENABLE_MODULES = YES;
				CLANG_ENABLE_OBJC_ARC = YES;
				CLANG_ENABLE_OBJC_WEAK = YES;
				CLANG_WARN_BLOCK_CAPTURE_AUTORELEASING = YES;
				CLANG_WARN_BOOL_CONVERSION = YES;
				CLANG_WARN_COMMA = YES;
				CLANG_WARN_CONSTANT_CONVERSION = YES;
				CLANG_WARN_DEPRECATED_OBJC_IMPLEMENTATIONS = YES;
				CLANG_WARN_DIRECT_OBJC_ISA_USAGE = YES_ERROR;
				CLANG_WARN_DOCUMENTATION_COMMENTS = YES;
				CLANG_WARN_EMPTY_BODY = YES;
				CLANG_WARN_ENUM_CONVERSION = YES;
				CLANG_WARN_INFINITE_RECURSION = YES;
				CLANG_WARN_INT_CONVERSION = YES;
				CLANG_WARN_NON_LITERAL_NULL_CONVERSION = YES;
				CLANG_WARN_OBJC_IMPLICIT_RETAIN_SELF = YES;
				CLANG_WARN_OBJC_LITERAL_CONVERSION = YES;
				CLANG_WARN_OBJC_ROOT_CLASS = YES_ERROR;
				CLANG_WARN_RANGE_LOOP_ANALYSIS = YES;
				CLANG_WARN_STRICT_PROTOTYPES = YES;
				CLANG_WARN_SUSPICIOUS_MOVE = YES;
				CLANG_WARN_UNGUARDED_AVAILABILITY = YES_AGGRESSIVE;
				CLANG_WARN_UNREACHABLE_CODE = YES;
				CLANG_WARN__DUPLICATE_METHOD_MATCH = YES;
				CODE_SIGN_IDENTITY = "iPhone Developer";
				COPY_PHASE_STRIP = NO;
				DEBUG_INFORMATION_FORMAT = dwarf;
				ENABLE_STRICT_OBJC_MSGSEND = YES;
				ENABLE_TESTABILITY = YES;
				GCC_C_LANGUAGE_STANDARD = gnu11;
				GCC_DYNAMIC_NO_PIC = NO;
				GCC_NO_COMMON_BLOCKS = YES;
				GCC_OPTIMIZATION_LEVEL = 0;
				GCC_PREPROCESSOR_DEFINITIONS = (
					"DEBUG=1",
					"$(inherited)",
				);
				GCC_WARN_64_TO_32_BIT_CONVERSION = YES;
				GCC_WARN_ABOUT_RETURN_TYPE = YES_ERROR;
				GCC_WARN_UNDECLARED_SELECTOR = YES;
				GCC_WARN_UNINITIALIZED_AUTOS = YES_AGGRESSIVE;
				GCC_WARN_UNUSED_FUNCTION = YES;
				GCC_WARN_UNUSED_VARIABLE = YES;
				IPHONEOS_DEPLOYMENT_TARGET = 11.3;
				MTL_ENABLE_DEBUG_INFO = YES;
				ONLY_ACTIVE_ARCH = YES;
				SDKROOT = iphoneos;
				SWIFT_ACTIVE_COMPILATION_CONDITIONS = DEBUG;
				SWIFT_OPTIMIZATION_LEVEL = "-Onone";
			};
			name = Debug;
		};
		DDFC7F23209894CE006819D5 /* Release */ = {
			isa = XCBuildConfiguration;
			buildSettings = {
				ALWAYS_SEARCH_USER_PATHS = NO;
				CLANG_ANALYZER_NONNULL = YES;
				CLANG_ANALYZER_NUMBER_OBJECT_CONVERSION = YES_AGGRESSIVE;
				CLANG_CXX_LANGUAGE_STANDARD = "gnu++14";
				CLANG_CXX_LIBRARY = "libc++";
				CLANG_ENABLE_MODULES = YES;
				CLANG_ENABLE_OBJC_ARC = YES;
				CLANG_ENABLE_OBJC_WEAK = YES;
				CLANG_WARN_BLOCK_CAPTURE_AUTORELEASING = YES;
				CLANG_WARN_BOOL_CONVERSION = YES;
				CLANG_WARN_COMMA = YES;
				CLANG_WARN_CONSTANT_CONVERSION = YES;
				CLANG_WARN_DEPRECATED_OBJC_IMPLEMENTATIONS = YES;
				CLANG_WARN_DIRECT_OBJC_ISA_USAGE = YES_ERROR;
				CLANG_WARN_DOCUMENTATION_COMMENTS = YES;
				CLANG_WARN_EMPTY_BODY = YES;
				CLANG_WARN_ENUM_CONVERSION = YES;
				CLANG_WARN_INFINITE_RECURSION = YES;
				CLANG_WARN_INT_CONVERSION = YES;
				CLANG_WARN_NON_LITERAL_NULL_CONVERSION = YES;
				CLANG_WARN_OBJC_IMPLICIT_RETAIN_SELF = YES;
				CLANG_WARN_OBJC_LITERAL_CONVERSION = YES;
				CLANG_WARN_OBJC_ROOT_CLASS = YES_ERROR;
				CLANG_WARN_RANGE_LOOP_ANALYSIS = YES;
				CLANG_WARN_STRICT_PROTOTYPES = YES;
				CLANG_WARN_SUSPICIOUS_MOVE = YES;
				CLANG_WARN_UNGUARDED_AVAILABILITY = YES_AGGRESSIVE;
				CLANG_WARN_UNREACHABLE_CODE = YES;
				CLANG_WARN__DUPLICATE_METHOD_MATCH = YES;
				CODE_SIGN_IDENTITY = "iPhone Developer";
				COPY_PHASE_STRIP = NO;
				DEBUG_INFORMATION_FORMAT = "dwarf-with-dsym";
				ENABLE_NS_ASSERTIONS = NO;
				ENABLE_STRICT_OBJC_MSGSEND = YES;
				GCC_C_LANGUAGE_STANDARD = gnu11;
				GCC_NO_COMMON_BLOCKS = YES;
				GCC_WARN_64_TO_32_BIT_CONVERSION = YES;
				GCC_WARN_ABOUT_RETURN_TYPE = YES_ERROR;
				GCC_WARN_UNDECLARED_SELECTOR = YES;
				GCC_WARN_UNINITIALIZED_AUTOS = YES_AGGRESSIVE;
				GCC_WARN_UNUSED_FUNCTION = YES;
				GCC_WARN_UNUSED_VARIABLE = YES;
				IPHONEOS_DEPLOYMENT_TARGET = 11.3;
				MTL_ENABLE_DEBUG_INFO = NO;
				SDKROOT = iphoneos;
				SWIFT_COMPILATION_MODE = wholemodule;
				SWIFT_OPTIMIZATION_LEVEL = "-O";
				VALIDATE_PRODUCT = YES;
			};
			name = Release;
		};
		DDFC7F25209894CE006819D5 /* Debug */ = {
			isa = XCBuildConfiguration;
			baseConfigurationReference = 8294B9596425A4919DC05827 /* Pods-IPlayer.debug.xcconfig */;
			buildSettings = {
				ASSETCATALOG_COMPILER_APPICON_NAME = AppIcon;
				CODE_SIGN_STYLE = Automatic;
				DEVELOPMENT_TEAM = 3Z2952V86X;
				INFOPLIST_FILE = IPlayer/Info.plist;
				LD_RUNPATH_SEARCH_PATHS = (
					"$(inherited)",
					"@executable_path/Frameworks",
				);
				PRODUCT_BUNDLE_IDENTIFIER = "Viktor---Company.IPlayer";
				PRODUCT_NAME = "$(TARGET_NAME)";
				SWIFT_VERSION = 4.0;
				TARGETED_DEVICE_FAMILY = "1,2";
			};
			name = Debug;
		};
		DDFC7F26209894CE006819D5 /* Release */ = {
			isa = XCBuildConfiguration;
			baseConfigurationReference = 404A2074E2C407495C5EA466 /* Pods-IPlayer.release.xcconfig */;
			buildSettings = {
				ASSETCATALOG_COMPILER_APPICON_NAME = AppIcon;
				CODE_SIGN_STYLE = Automatic;
				DEVELOPMENT_TEAM = 3Z2952V86X;
				INFOPLIST_FILE = IPlayer/Info.plist;
				LD_RUNPATH_SEARCH_PATHS = (
					"$(inherited)",
					"@executable_path/Frameworks",
				);
				PRODUCT_BUNDLE_IDENTIFIER = "Viktor---Company.IPlayer";
				PRODUCT_NAME = "$(TARGET_NAME)";
				SWIFT_VERSION = 4.0;
				TARGETED_DEVICE_FAMILY = "1,2";
			};
			name = Release;
		};
/* End XCBuildConfiguration section */

/* Begin XCConfigurationList section */
		DDFC7F09209894CC006819D5 /* Build configuration list for PBXProject "IPlayer" */ = {
			isa = XCConfigurationList;
			buildConfigurations = (
				DDFC7F22209894CE006819D5 /* Debug */,
				DDFC7F23209894CE006819D5 /* Release */,
			);
			defaultConfigurationIsVisible = 0;
			defaultConfigurationName = Release;
		};
		DDFC7F24209894CE006819D5 /* Build configuration list for PBXNativeTarget "IPlayer" */ = {
			isa = XCConfigurationList;
			buildConfigurations = (
				DDFC7F25209894CE006819D5 /* Debug */,
				DDFC7F26209894CE006819D5 /* Release */,
			);
			defaultConfigurationIsVisible = 0;
			defaultConfigurationName = Release;
		};
/* End XCConfigurationList section */
	};
	rootObject = DDFC7F06209894CC006819D5 /* Project object */;
}
